Microsoft Visual Studio Solution File, Format Version 12.00
# Visual Studio Version 17
VisualStudioVersion = 17.5.2.0
MinimumVisualStudioVersion = 10.0.40219.1
Project("{FAE04EC0-301F-11D3-BF4B-00C04F79EFBC}") = "D# Bot", "D# Bot.csproj", "{43EBB2BA-6A14-C574-C048-A7C1E2684318}"
EndProject
Global
	GlobalSection(SolutionConfigurationPlatforms) = preSolution
		Debug|Any CPU = Debug|Any CPU
		Release|Any CPU = Release|Any CPU
	EndGlobalSection
	GlobalSection(ProjectConfigurationPlatforms) = postSolution
		{43EBB2BA-6A14-C574-C048-A7C1E2684318}.Debug|Any CPU.ActiveCfg = Debug|Any CPU
		{43EBB2BA-6A14-C574-C048-A7C1E2684318}.Debug|Any CPU.Build.0 = Debug|Any CPU
		{43EBB2BA-6A14-C574-C048-A7C1E2684318}.Release|Any CPU.ActiveCfg = Release|Any CPU
		{43EBB2BA-6A14-C574-C048-A7C1E2684318}.Release|Any CPU.Build.0 = Release|Any CPU
	EndGlobalSection
	GlobalSection(SolutionProperties) = preSolution
		HideSolutionNode = FALSE
	EndGlobalSection
	GlobalSection(ExtensibilityGlobals) = postSolution
		SolutionGuid = {2B7D60DA-82A8-4AA1-9351-510A784BE597}
	EndGlobalSection
EndGlobal
